
Microsoft Visual Studio Solution File, Format Version 12.00
# Visual Studio Version 16
VisualStudioVersion = 16.0.29409.12
MinimumVisualStudioVersion = 10.0.40219.1
Project("{FAE04EC0-301F-11D3-BF4B-00C04F79EFBC}") = "Json serialize and deserialize", "Json serialize and deserialize\Json serialize and deserialize.csproj", "{2816E6D8-4F7D-4C1F-BA9F-1CBB1DEA74D3}"
EndProject
Project("{FAE04EC0-301F-11D3-BF4B-00C04F79EFBC}") = "IGWebApiClient", "..\..\..\..\..\Desktop\From github\ig-webapi-dotnet-sample-master\IGWebApiClient\IGWebApiClient.csproj", "{269D3A2F-289F-4A78-98FD-21E3F5AC5E4F}"
EndProject
Global
	GlobalSection(SolutionConfigurationPlatforms) = preSolution
		Debug|Any CPU = Debug|Any CPU
		Release|Any CPU = Release|Any CPU
	EndGlobalSection
	GlobalSection(ProjectConfigurationPlatforms) = postSolution
		{2816E6D8-4F7D-4C1F-BA9F-1CBB1DEA74D3}.Debug|Any CPU.ActiveCfg = Debug|Any CPU
		{2816E6D8-4F7D-4C1F-BA9F-1CBB1DEA74D3}.Debug|Any CPU.Build.0 = Debug|Any CPU
		{2816E6D8-4F7D-4C1F-BA9F-1CBB1DEA74D3}.Release|Any CPU.ActiveCfg = Release|Any CPU
		{2816E6D8-4F7D-4C1F-BA9F-1CBB1DEA74D3}.Release|Any CPU.Build.0 = Release|Any CPU
		{269D3A2F-289F-4A78-98FD-21E3F5AC5E4F}.Debug|Any CPU.ActiveCfg = Debug|Any CPU
		{269D3A2F-289F-4A78-98FD-21E3F5AC5E4F}.Debug|Any CPU.Build.0 = Debug|Any CPU
		{269D3A2F-289F-4A78-98FD-21E3F5AC5E4F}.Release|Any CPU.ActiveCfg = Release|Any CPU
		{269D3A2F-289F-4A78-98FD-21E3F5AC5E4F}.Release|Any CPU.Build.0 = Release|Any CPU
	EndGlobalSection
	GlobalSection(SolutionProperties) = preSolution
		HideSolutionNode = FALSE
	EndGlobalSection
	GlobalSection(ExtensibilityGlobals) = postSolution
		SolutionGuid = {72A5EBE2-19B7-4A57-8C70-C0E4FA705440}
	EndGlobalSection
EndGlobal
